// !$*UTF8*$!
{
	archiveVersion = 1;
	classes = {
	};
	objectVersion = 63;
	objects = {

/* Begin PBXBuildFile section */
		8C2154472BE1DC4A00D55304 /* DatabaseClasses.swift in Sources */ = {isa = PBXBuildFile; fileRef = 8C2154462BE1DC4A00D55304 /* DatabaseClasses.swift */; };
		8C2154492BE1DF1400D55304 /* FoodDataStructs.swift in Sources */ = {isa = PBXBuildFile; fileRef = 8C2154482BE1DF1400D55304 /* FoodDataStructs.swift */; };
		8C21544B2BE1E4E600D55304 /* DatabaseCreation.swift in Sources */ = {isa = PBXBuildFile; fileRef = 8C21544A2BE1E4E600D55304 /* DatabaseCreation.swift */; };
		8C21544D2BE1EC9C00D55304 /* VideoStruct.swift in Sources */ = {isa = PBXBuildFile; fileRef = 8C21544C2BE1EC9C00D55304 /* VideoStruct.swift */; };
		8C2154512BE1F0E000D55304 /* UtilityFunctions.swift in Sources */ = {isa = PBXBuildFile; fileRef = 8C2154502BE1F0DF00D55304 /* UtilityFunctions.swift */; };
		8C5229802BDB260A008FA34F /* Assets.xcassets in Resources */ = {isa = PBXBuildFile; fileRef = 8C52297F2BDB260A008FA34F /* Assets.xcassets */; };
		8C5229832BDB260A008FA34F /* Preview Assets.xcassets in Resources */ = {isa = PBXBuildFile; fileRef = 8C5229822BDB260A008FA34F /* Preview Assets.xcassets */; };
		8CE87D0A2BE21E4A00168A44 /* FoodsData.json in Resources */ = {isa = PBXBuildFile; fileRef = 8CE87D092BE21E4A00168A44 /* FoodsData.json */; };
		8CE87D0C2BE21E5900168A44 /* MealsData.json in Resources */ = {isa = PBXBuildFile; fileRef = 8CE87D0B2BE21E5900168A44 /* MealsData.json */; };
		8CE87D0E2BE21E6000168A44 /* VideosData.json in Resources */ = {isa = PBXBuildFile; fileRef = 8CE87D0D2BE21E6000168A44 /* VideosData.json */; };
		8CE87D122BE2E70200168A44 /* NutritionixNutrientsData.swift in Sources */ = {isa = PBXBuildFile; fileRef = 8CE87D112BE2E70200168A44 /* NutritionixNutrientsData.swift */; };
		8CE87D162BE321BB00168A44 /* DatabaseSearch.swift in Sources */ = {isa = PBXBuildFile; fileRef = 8CE87D152BE321BB00168A44 /* DatabaseSearch.swift */; };
		8CE87D182BE321E200168A44 /* SearchResultsList.swift in Sources */ = {isa = PBXBuildFile; fileRef = 8CE87D172BE321E200168A44 /* SearchResultsList.swift */; };
		8CE87D1B2BE3277000168A44 /* FoodDetails.swift in Sources */ = {isa = PBXBuildFile; fileRef = 8CE87D1A2BE3277000168A44 /* FoodDetails.swift */; };
		8CE87D1D2BE333D400168A44 /* AddManuallyView.swift in Sources */ = {isa = PBXBuildFile; fileRef = 8CE87D1C2BE333D400168A44 /* AddManuallyView.swift */; };
		8CE87D1F2BE333DF00168A44 /* SettingsView.swift in Sources */ = {isa = PBXBuildFile; fileRef = 8CE87D1E2BE333DF00168A44 /* SettingsView.swift */; };
		8CE87D212BE334D600168A44 /* ContentView.swift in Sources */ = {isa = PBXBuildFile; fileRef = 8CE87D202BE334D600168A44 /* ContentView.swift */; };
		8CE87D232BE3350200168A44 /* NotFound.swift in Sources */ = {isa = PBXBuildFile; fileRef = 8CE87D222BE3350200168A44 /* NotFound.swift */; };
		8CE87D262BE3356F00168A44 /* ScanQRBarcode.swift in Sources */ = {isa = PBXBuildFile; fileRef = 8CE87D252BE3356F00168A44 /* ScanQRBarcode.swift */; };
		8CE87D282BE33DBF00168A44 /* WebView.swift in Sources */ = {isa = PBXBuildFile; fileRef = 8CE87D272BE33DBE00168A44 /* WebView.swift */; };
		D237DC732BE1F27B00675576 /* Globals.swift in Sources */ = {isa = PBXBuildFile; fileRef = D237DC722BE1F27B00675576 /* Globals.swift */; };
		D237DC792BE1F54C00675576 /* ScanFocusRegion.swift in Sources */ = {isa = PBXBuildFile; fileRef = D237DC782BE1F54C00675576 /* ScanFocusRegion.swift */; };
		D237DC7B2BE1F56000675576 /* FlashlightButtonView.swift in Sources */ = {isa = PBXBuildFile; fileRef = D237DC7A2BE1F56000675576 /* FlashlightButtonView.swift */; };
		D237DC7D2BE1F57700675576 /* BarcodeScanner.swift in Sources */ = {isa = PBXBuildFile; fileRef = D237DC7C2BE1F57700675576 /* BarcodeScanner.swift */; };
		D237DC7F2BE1F58500675576 /* FlashlightButton.swift in Sources */ = {isa = PBXBuildFile; fileRef = D237DC7E2BE1F58500675576 /* FlashlightButton.swift */; };
		D237DC812BE1F59B00675576 /* ScannerViewControl.swift in Sources */ = {isa = PBXBuildFile; fileRef = D237DC802BE1F59B00675576 /* ScannerViewControl.swift */; };
		D237DC832BE1F9F400675576 /* NutrionixDataFromUPC.swift in Sources */ = {isa = PBXBuildFile; fileRef = D237DC822BE1F9F400675576 /* NutrionixDataFromUPC.swift */; };
		D237DC852BE1FA9400675576 /* NutritionixDataFromName.swift in Sources */ = {isa = PBXBuildFile; fileRef = D237DC842BE1FA9400675576 /* NutritionixDataFromName.swift */; };
		D237DC892BE2F40600675576 /* CalorieQuestApp.swift in Sources */ = {isa = PBXBuildFile; fileRef = D237DC872BE2F40600675576 /* CalorieQuestApp.swift */; };
		D237DC992BE2F42D00675576 /* DailyGoalView.swift in Sources */ = {isa = PBXBuildFile; fileRef = D237DC8A2BE2F42B00675576 /* DailyGoalView.swift */; };
		D237DC9A2BE2F42D00675576 /* Urbanist-VariableFont_wght.ttf in Resources */ = {isa = PBXBuildFile; fileRef = D237DC8B2BE2F42B00675576 /* Urbanist-VariableFont_wght.ttf */; };
		D237DC9B2BE2F42D00675576 /* backgroundvideo.mp4 in Resources */ = {isa = PBXBuildFile; fileRef = D237DC8D2BE2F42C00675576 /* backgroundvideo.mp4 */; };
		D237DC9D2BE2F42D00675576 /* SearchView.swift in Sources */ = {isa = PBXBuildFile; fileRef = D237DC8F2BE2F42C00675576 /* SearchView.swift */; };
		D237DC9E2BE2F42D00675576 /* StarredView.swift in Sources */ = {isa = PBXBuildFile; fileRef = D237DC902BE2F42D00675576 /* StarredView.swift */; };
		D237DC9F2BE2F42D00675576 /* HomeView.swift in Sources */ = {isa = PBXBuildFile; fileRef = D237DC912BE2F42D00675576 /* HomeView.swift */; };
		D237DCA02BE2F42D00675576 /* AuthManager.swift in Sources */ = {isa = PBXBuildFile; fileRef = D237DC922BE2F42D00675576 /* AuthManager.swift */; };
		D237DCA12BE2F42D00675576 /* CreateAccountView.swift in Sources */ = {isa = PBXBuildFile; fileRef = D237DC932BE2F42D00675576 /* CreateAccountView.swift */; };
		D237DCA22BE2F42D00675576 /* LoginView.swift in Sources */ = {isa = PBXBuildFile; fileRef = D237DC942BE2F42D00675576 /* LoginView.swift */; };
		D237DCA32BE2F42D00675576 /* SignInView.swift in Sources */ = {isa = PBXBuildFile; fileRef = D237DC952BE2F42D00675576 /* SignInView.swift */; };
		D237DCA42BE2F42D00675576 /* BMIView.swift in Sources */ = {isa = PBXBuildFile; fileRef = D237DC972BE2F42D00675576 /* BMIView.swift */; };
		D237DCA52BE2F42D00675576 /* FoodItem.swift in Sources */ = {isa = PBXBuildFile; fileRef = D237DC982BE2F42D00675576 /* FoodItem.swift */; };
		D237DCA92BE2F43800675576 /* RoundedCorners.swift in Sources */ = {isa = PBXBuildFile; fileRef = D237DCA62BE2F43800675576 /* RoundedCorners.swift */; };
		D237DCAA2BE2F43800675576 /* ActivityRing.swift in Sources */ = {isa = PBXBuildFile; fileRef = D237DCA72BE2F43800675576 /* ActivityRing.swift */; };
		D237DCAB2BE2F43800675576 /* BottomSheet.swift in Sources */ = {isa = PBXBuildFile; fileRef = D237DCA82BE2F43800675576 /* BottomSheet.swift */; };
		D237DCB32BE3308400675576 /* VideosList.swift in Sources */ = {isa = PBXBuildFile; fileRef = D237DCB22BE3308400675576 /* VideosList.swift */; };
		D237DCB52BE3309200675576 /* VideosItem.swift in Sources */ = {isa = PBXBuildFile; fileRef = D237DCB42BE3309200675576 /* VideosItem.swift */; };
/* End PBXBuildFile section */

/* Begin PBXFileReference section */
		8C2154462BE1DC4A00D55304 /* DatabaseClasses.swift */ = {isa = PBXFileReference; lastKnownFileType = sourcecode.swift; path = DatabaseClasses.swift; sourceTree = "<group>"; };
		8C2154482BE1DF1400D55304 /* FoodDataStructs.swift */ = {isa = PBXFileReference; lastKnownFileType = sourcecode.swift; path = FoodDataStructs.swift; sourceTree = "<group>"; };
		8C21544A2BE1E4E600D55304 /* DatabaseCreation.swift */ = {isa = PBXFileReference; lastKnownFileType = sourcecode.swift; path = DatabaseCreation.swift; sourceTree = "<group>"; };
		8C21544C2BE1EC9C00D55304 /* VideoStruct.swift */ = {isa = PBXFileReference; lastKnownFileType = sourcecode.swift; path = VideoStruct.swift; sourceTree = "<group>"; };
		8C21544E2BE1EE5700D55304 /* Info.plist */ = {isa = PBXFileReference; lastKnownFileType = text.plist; path = Info.plist; sourceTree = "<group>"; };
		8C2154502BE1F0DF00D55304 /* UtilityFunctions.swift */ = {isa = PBXFileReference; fileEncoding = 4; lastKnownFileType = sourcecode.swift; path = UtilityFunctions.swift; sourceTree = "<group>"; };
		8C5229762BDB2608008FA34F /* CalorieQuest.app */ = {isa = PBXFileReference; explicitFileType = wrapper.application; includeInIndex = 0; path = CalorieQuest.app; sourceTree = BUILT_PRODUCTS_DIR; };
		8C52297F2BDB260A008FA34F /* Assets.xcassets */ = {isa = PBXFileReference; lastKnownFileType = folder.assetcatalog; path = Assets.xcassets; sourceTree = "<group>"; };
		8C5229822BDB260A008FA34F /* Preview Assets.xcassets */ = {isa = PBXFileReference; lastKnownFileType = folder.assetcatalog; path = "Preview Assets.xcassets"; sourceTree = "<group>"; };
		8CE87D092BE21E4A00168A44 /* FoodsData.json */ = {isa = PBXFileReference; fileEncoding = 4; lastKnownFileType = text.json; path = FoodsData.json; sourceTree = "<group>"; };
		8CE87D0B2BE21E5900168A44 /* MealsData.json */ = {isa = PBXFileReference; fileEncoding = 4; lastKnownFileType = text.json; path = MealsData.json; sourceTree = "<group>"; };
		8CE87D0D2BE21E6000168A44 /* VideosData.json */ = {isa = PBXFileReference; fileEncoding = 4; lastKnownFileType = text.json; path = VideosData.json; sourceTree = "<group>"; };
		8CE87D112BE2E70200168A44 /* NutritionixNutrientsData.swift */ = {isa = PBXFileReference; lastKnownFileType = sourcecode.swift; path = NutritionixNutrientsData.swift; sourceTree = "<group>"; };
		8CE87D152BE321BB00168A44 /* DatabaseSearch.swift */ = {isa = PBXFileReference; lastKnownFileType = sourcecode.swift; path = DatabaseSearch.swift; sourceTree = "<group>"; };
		8CE87D172BE321E200168A44 /* SearchResultsList.swift */ = {isa = PBXFileReference; lastKnownFileType = sourcecode.swift; path = SearchResultsList.swift; sourceTree = "<group>"; };
		8CE87D1A2BE3277000168A44 /* FoodDetails.swift */ = {isa = PBXFileReference; lastKnownFileType = sourcecode.swift; path = FoodDetails.swift; sourceTree = "<group>"; };
		8CE87D1C2BE333D400168A44 /* AddManuallyView.swift */ = {isa = PBXFileReference; fileEncoding = 4; lastKnownFileType = sourcecode.swift; path = AddManuallyView.swift; sourceTree = "<group>"; };
		8CE87D1E2BE333DF00168A44 /* SettingsView.swift */ = {isa = PBXFileReference; fileEncoding = 4; lastKnownFileType = sourcecode.swift; path = SettingsView.swift; sourceTree = "<group>"; };
		8CE87D202BE334D600168A44 /* ContentView.swift */ = {isa = PBXFileReference; fileEncoding = 4; lastKnownFileType = sourcecode.swift; path = ContentView.swift; sourceTree = "<group>"; };
		8CE87D222BE3350200168A44 /* NotFound.swift */ = {isa = PBXFileReference; fileEncoding = 4; lastKnownFileType = sourcecode.swift; path = NotFound.swift; sourceTree = "<group>"; };
		8CE87D252BE3356F00168A44 /* ScanQRBarcode.swift */ = {isa = PBXFileReference; fileEncoding = 4; lastKnownFileType = sourcecode.swift; path = ScanQRBarcode.swift; sourceTree = "<group>"; };
		8CE87D272BE33DBE00168A44 /* WebView.swift */ = {isa = PBXFileReference; fileEncoding = 4; lastKnownFileType = sourcecode.swift; path = WebView.swift; sourceTree = "<group>"; };
		D237DC722BE1F27B00675576 /* Globals.swift */ = {isa = PBXFileReference; lastKnownFileType = sourcecode.swift; path = Globals.swift; sourceTree = "<group>"; };
		D237DC782BE1F54C00675576 /* ScanFocusRegion.swift */ = {isa = PBXFileReference; lastKnownFileType = sourcecode.swift; path = ScanFocusRegion.swift; sourceTree = "<group>"; };
		D237DC7A2BE1F56000675576 /* FlashlightButtonView.swift */ = {isa = PBXFileReference; lastKnownFileType = sourcecode.swift; path = FlashlightButtonView.swift; sourceTree = "<group>"; };
		D237DC7C2BE1F57700675576 /* BarcodeScanner.swift */ = {isa = PBXFileReference; lastKnownFileType = sourcecode.swift; path = BarcodeScanner.swift; sourceTree = "<group>"; };
		D237DC7E2BE1F58500675576 /* FlashlightButton.swift */ = {isa = PBXFileReference; lastKnownFileType = sourcecode.swift; path = FlashlightButton.swift; sourceTree = "<group>"; };
		D237DC802BE1F59B00675576 /* ScannerViewControl.swift */ = {isa = PBXFileReference; lastKnownFileType = sourcecode.swift; path = ScannerViewControl.swift; sourceTree = "<group>"; };
		D237DC822BE1F9F400675576 /* NutrionixDataFromUPC.swift */ = {isa = PBXFileReference; lastKnownFileType = sourcecode.swift; path = NutrionixDataFromUPC.swift; sourceTree = "<group>"; };
		D237DC842BE1FA9400675576 /* NutritionixDataFromName.swift */ = {isa = PBXFileReference; lastKnownFileType = sourcecode.swift; path = NutritionixDataFromName.swift; sourceTree = "<group>"; };
		D237DC872BE2F40600675576 /* CalorieQuestApp.swift */ = {isa = PBXFileReference; fileEncoding = 4; lastKnownFileType = sourcecode.swift; path = CalorieQuestApp.swift; sourceTree = "<group>"; };
		D237DC8A2BE2F42B00675576 /* DailyGoalView.swift */ = {isa = PBXFileReference; fileEncoding = 4; lastKnownFileType = sourcecode.swift; path = DailyGoalView.swift; sourceTree = "<group>"; };
		D237DC8B2BE2F42B00675576 /* Urbanist-VariableFont_wght.ttf */ = {isa = PBXFileReference; lastKnownFileType = file; path = "Urbanist-VariableFont_wght.ttf"; sourceTree = "<group>"; };
		D237DC8D2BE2F42C00675576 /* backgroundvideo.mp4 */ = {isa = PBXFileReference; lastKnownFileType = file; path = backgroundvideo.mp4; sourceTree = "<group>"; };
		D237DC8F2BE2F42C00675576 /* SearchView.swift */ = {isa = PBXFileReference; fileEncoding = 4; lastKnownFileType = sourcecode.swift; path = SearchView.swift; sourceTree = "<group>"; };
		D237DC902BE2F42D00675576 /* StarredView.swift */ = {isa = PBXFileReference; fileEncoding = 4; lastKnownFileType = sourcecode.swift; path = StarredView.swift; sourceTree = "<group>"; };
		D237DC912BE2F42D00675576 /* HomeView.swift */ = {isa = PBXFileReference; fileEncoding = 4; lastKnownFileType = sourcecode.swift; path = HomeView.swift; sourceTree = "<group>"; };
		D237DC922BE2F42D00675576 /* AuthManager.swift */ = {isa = PBXFileReference; fileEncoding = 4; lastKnownFileType = sourcecode.swift; path = AuthManager.swift; sourceTree = "<group>"; };
		D237DC932BE2F42D00675576 /* CreateAccountView.swift */ = {isa = PBXFileReference; fileEncoding = 4; lastKnownFileType = sourcecode.swift; path = CreateAccountView.swift; sourceTree = "<group>"; };
		D237DC942BE2F42D00675576 /* LoginView.swift */ = {isa = PBXFileReference; fileEncoding = 4; lastKnownFileType = sourcecode.swift; path = LoginView.swift; sourceTree = "<group>"; };
		D237DC952BE2F42D00675576 /* SignInView.swift */ = {isa = PBXFileReference; fileEncoding = 4; lastKnownFileType = sourcecode.swift; path = SignInView.swift; sourceTree = "<group>"; };
		D237DC972BE2F42D00675576 /* BMIView.swift */ = {isa = PBXFileReference; fileEncoding = 4; lastKnownFileType = sourcecode.swift; path = BMIView.swift; sourceTree = "<group>"; };
		D237DC982BE2F42D00675576 /* FoodItem.swift */ = {isa = PBXFileReference; fileEncoding = 4; lastKnownFileType = sourcecode.swift; path = FoodItem.swift; sourceTree = "<group>"; };
		D237DCA62BE2F43800675576 /* RoundedCorners.swift */ = {isa = PBXFileReference; fileEncoding = 4; lastKnownFileType = sourcecode.swift; path = RoundedCorners.swift; sourceTree = "<group>"; };
		D237DCA72BE2F43800675576 /* ActivityRing.swift */ = {isa = PBXFileReference; fileEncoding = 4; lastKnownFileType = sourcecode.swift; path = ActivityRing.swift; sourceTree = "<group>"; };
		D237DCA82BE2F43800675576 /* BottomSheet.swift */ = {isa = PBXFileReference; fileEncoding = 4; lastKnownFileType = sourcecode.swift; path = BottomSheet.swift; sourceTree = "<group>"; };
		D237DCB22BE3308400675576 /* VideosList.swift */ = {isa = PBXFileReference; lastKnownFileType = sourcecode.swift; path = VideosList.swift; sourceTree = "<group>"; };
		D237DCB42BE3309200675576 /* VideosItem.swift */ = {isa = PBXFileReference; lastKnownFileType = sourcecode.swift; path = VideosItem.swift; sourceTree = "<group>"; };
/* End PBXFileReference section */

/* Begin PBXFrameworksBuildPhase section */
		8C5229732BDB2608008FA34F /* Frameworks */ = {
			isa = PBXFrameworksBuildPhase;
			buildActionMask = 2147483647;
			files = (
			);
			runOnlyForDeploymentPostprocessing = 0;
		};
/* End PBXFrameworksBuildPhase section */

/* Begin PBXGroup section */
		8C21543B2BE1D9D700D55304 /* Database */ = {
			isa = PBXGroup;
			children = (
				8CE87D092BE21E4A00168A44 /* FoodsData.json */,
				8CE87D0B2BE21E5900168A44 /* MealsData.json */,
				8CE87D0D2BE21E6000168A44 /* VideosData.json */,
				8C2154482BE1DF1400D55304 /* FoodDataStructs.swift */,
				8C21544C2BE1EC9C00D55304 /* VideoStruct.swift */,
				8C2154462BE1DC4A00D55304 /* DatabaseClasses.swift */,
				8C21544A2BE1E4E600D55304 /* DatabaseCreation.swift */,
			);
			path = Database;
			sourceTree = "<group>";
		};
		8C52296D2BDB2608008FA34F = {
			isa = PBXGroup;
			children = (
				8C5229782BDB2608008FA34F /* CalorieQuest */,
				8C5229772BDB2608008FA34F /* Products */,
			);
			sourceTree = "<group>";
		};
		8C5229772BDB2608008FA34F /* Products */ = {
			isa = PBXGroup;
			children = (
				8C5229762BDB2608008FA34F /* CalorieQuest.app */,
			);
			name = Products;
			sourceTree = "<group>";
		};
		8C5229782BDB2608008FA34F /* CalorieQuest */ = {
			isa = PBXGroup;
			children = (
				D237DC872BE2F40600675576 /* CalorieQuestApp.swift */,
				8CE87D202BE334D600168A44 /* ContentView.swift */,
				8C21543B2BE1D9D700D55304 /* Database */,
				D237DC742BE1F30B00675576 /* Api Data */,
				D237DC772BE1F53800675576 /* Barcode Scanning */,
				D237DC8C2BE2F42B00675576 /* Fonts */,
				D237DC712BE1F26800675576 /* Supporting Files */,
				D237DC962BE2F42D00675576 /* Authentication */,
				D237DCAD2BE2F73800675576 /* Views */,
				D237DC8D2BE2F42C00675576 /* backgroundvideo.mp4 */,
				8C52297F2BDB260A008FA34F /* Assets.xcassets */,
				8C21544E2BE1EE5700D55304 /* Info.plist */,
				8C5229812BDB260A008FA34F /* Preview Content */,
			);
			path = CalorieQuest;
			sourceTree = "<group>";
		};
		8C5229812BDB260A008FA34F /* Preview Content */ = {
			isa = PBXGroup;
			children = (
				8C5229822BDB260A008FA34F /* Preview Assets.xcassets */,
			);
			path = "Preview Content";
			sourceTree = "<group>";
		};
		8CE87D242BE3356000168A44 /* Barcode */ = {
			isa = PBXGroup;
			children = (
				8CE87D252BE3356F00168A44 /* ScanQRBarcode.swift */,
			);
			path = Barcode;
			sourceTree = "<group>";
		};
		D237DC712BE1F26800675576 /* Supporting Files */ = {
			isa = PBXGroup;
			children = (
				8C2154502BE1F0DF00D55304 /* UtilityFunctions.swift */,
				D237DC722BE1F27B00675576 /* Globals.swift */,
				D237DCA72BE2F43800675576 /* ActivityRing.swift */,
				8CE87D222BE3350200168A44 /* NotFound.swift */,
				D237DCA82BE2F43800675576 /* BottomSheet.swift */,
				D237DCA62BE2F43800675576 /* RoundedCorners.swift */,
				8CE87D272BE33DBE00168A44 /* WebView.swift */,
			);
			path = "Supporting Files";
			sourceTree = "<group>";
		};
		D237DC742BE1F30B00675576 /* Api Data */ = {
			isa = PBXGroup;
			children = (
				D237DC822BE1F9F400675576 /* NutrionixDataFromUPC.swift */,
				D237DC842BE1FA9400675576 /* NutritionixDataFromName.swift */,
				8CE87D112BE2E70200168A44 /* NutritionixNutrientsData.swift */,
			);
			path = "Api Data";
			sourceTree = "<group>";
		};
		D237DC772BE1F53800675576 /* Barcode Scanning */ = {
			isa = PBXGroup;
			children = (
				D237DC782BE1F54C00675576 /* ScanFocusRegion.swift */,
				D237DC7A2BE1F56000675576 /* FlashlightButtonView.swift */,
				D237DC7C2BE1F57700675576 /* BarcodeScanner.swift */,
				D237DC7E2BE1F58500675576 /* FlashlightButton.swift */,
				D237DC802BE1F59B00675576 /* ScannerViewControl.swift */,
			);
			path = "Barcode Scanning";
			sourceTree = "<group>";
		};
		D237DC8C2BE2F42B00675576 /* Fonts */ = {
			isa = PBXGroup;
			children = (
				D237DC8B2BE2F42B00675576 /* Urbanist-VariableFont_wght.ttf */,
			);
			path = Fonts;
			sourceTree = "<group>";
		};
		D237DC962BE2F42D00675576 /* Authentication */ = {
			isa = PBXGroup;
			children = (
				D237DC922BE2F42D00675576 /* AuthManager.swift */,
				D237DC932BE2F42D00675576 /* CreateAccountView.swift */,
				D237DC942BE2F42D00675576 /* LoginView.swift */,
				D237DC952BE2F42D00675576 /* SignInView.swift */,
			);
			path = Authentication;
			sourceTree = "<group>";
		};
		D237DCAD2BE2F73800675576 /* Views */ = {
			isa = PBXGroup;
			children = (
				D237DCAE2BE2FAC800675576 /* Starred */,
				D237DCAF2BE2FADB00675576 /* Home */,
				D237DCB02BE2FAEC00675576 /* Search */,
				8CE87D242BE3356000168A44 /* Barcode */,
			);
			path = Views;
			sourceTree = "<group>";
		};
		D237DCAE2BE2FAC800675576 /* Starred */ = {
			isa = PBXGroup;
			children = (
				D237DC902BE2F42D00675576 /* StarredView.swift */,
				D237DC982BE2F42D00675576 /* FoodItem.swift */,
				8CE87D1A2BE3277000168A44 /* FoodDetails.swift */,
			);
			path = Starred;
			sourceTree = "<group>";
		};
		D237DCAF2BE2FADB00675576 /* Home */ = {
			isa = PBXGroup;
			children = (
				D237DC912BE2F42D00675576 /* HomeView.swift */,
				D237DC972BE2F42D00675576 /* BMIView.swift */,
				D237DC8A2BE2F42B00675576 /* DailyGoalView.swift */,
				8CE87D1C2BE333D400168A44 /* AddManuallyView.swift */,
				8CE87D1E2BE333DF00168A44 /* SettingsView.swift */,
			);
			path = Home;
			sourceTree = "<group>";
		};
		D237DCB02BE2FAEC00675576 /* Search */ = {
			isa = PBXGroup;
			children = (
				D237DC8F2BE2F42C00675576 /* SearchView.swift */,
				D237DCB12BE3307100675576 /* Videos */,
				8CE87D152BE321BB00168A44 /* DatabaseSearch.swift */,
				8CE87D172BE321E200168A44 /* SearchResultsList.swift */,
			);
			path = Search;
			sourceTree = "<group>";
		};
		D237DCB12BE3307100675576 /* Videos */ = {
			isa = PBXGroup;
			children = (
				D237DCB22BE3308400675576 /* VideosList.swift */,
				D237DCB42BE3309200675576 /* VideosItem.swift */,
			);
			path = Videos;
			sourceTree = "<group>";
		};
/* End PBXGroup section */

/* Begin PBXNativeTarget section */
		8C5229752BDB2608008FA34F /* CalorieQuest */ = {
			isa = PBXNativeTarget;
			buildConfigurationList = 8C5229862BDB260A008FA34F /* Build configuration list for PBXNativeTarget "CalorieQuest" */;
			buildPhases = (
				8C5229722BDB2608008FA34F /* Sources */,
				8C5229732BDB2608008FA34F /* Frameworks */,
				8C5229742BDB2608008FA34F /* Resources */,
			);
			buildRules = (
			);
			dependencies = (
			);
			name = CalorieQuest;
			productName = CalorieQuest;
			productReference = 8C5229762BDB2608008FA34F /* CalorieQuest.app */;
			productType = "com.apple.product-type.application";
		};
/* End PBXNativeTarget section */

/* Begin PBXProject section */
		8C52296E2BDB2608008FA34F /* Project object */ = {
			isa = PBXProject;
			attributes = {
				BuildIndependentTargetsInParallel = 1;
				LastSwiftUpdateCheck = 1520;
				LastUpgradeCheck = 1520;
				ORGANIZATIONNAME = "Marlin Spears";
				TargetAttributes = {
					8C5229752BDB2608008FA34F = {
						CreatedOnToolsVersion = 15.2;
					};
				};
			};
			buildConfigurationList = 8C5229712BDB2608008FA34F /* Build configuration list for PBXProject "CalorieQuest" */;
			compatibilityVersion = "Xcode 15.3";
			developmentRegion = en;
			hasScannedForEncodings = 0;
			knownRegions = (
				en,
				Base,
			);
			mainGroup = 8C52296D2BDB2608008FA34F;
			productRefGroup = 8C5229772BDB2608008FA34F /* Products */;
			projectDirPath = "";
			projectRoot = "";
			targets = (
				8C5229752BDB2608008FA34F /* CalorieQuest */,
			);
		};
/* End PBXProject section */

/* Begin PBXResourcesBuildPhase section */
		8C5229742BDB2608008FA34F /* Resources */ = {
			isa = PBXResourcesBuildPhase;
			buildActionMask = 2147483647;
			files = (
				D237DC9B2BE2F42D00675576 /* backgroundvideo.mp4 in Resources */,
				8CE87D0A2BE21E4A00168A44 /* FoodsData.json in Resources */,
				8C5229832BDB260A008FA34F /* Preview Assets.xcassets in Resources */,
				8CE87D0C2BE21E5900168A44 /* MealsData.json in Resources */,
				8CE87D0E2BE21E6000168A44 /* VideosData.json in Resources */,
				8C5229802BDB260A008FA34F /* Assets.xcassets in Resources */,
				D237DC9A2BE2F42D00675576 /* Urbanist-VariableFont_wght.ttf in Resources */,
			);
			runOnlyForDeploymentPostprocessing = 0;
		};
/* End PBXResourcesBuildPhase section */

/* Begin PBXSourcesBuildPhase section */
		8C5229722BDB2608008FA34F /* Sources */ = {
			isa = PBXSourcesBuildPhase;
			buildActionMask = 2147483647;
			files = (
				D237DC852BE1FA9400675576 /* NutritionixDataFromName.swift in Sources */,
				D237DC7B2BE1F56000675576 /* FlashlightButtonView.swift in Sources */,
				8CE87D232BE3350200168A44 /* NotFound.swift in Sources */,
				8CE87D162BE321BB00168A44 /* DatabaseSearch.swift in Sources */,
				D237DCB32BE3308400675576 /* VideosList.swift in Sources */,
				D237DCAB2BE2F43800675576 /* BottomSheet.swift in Sources */,
				D237DCAA2BE2F43800675576 /* ActivityRing.swift in Sources */,
				8CE87D1F2BE333DF00168A44 /* SettingsView.swift in Sources */,
				D237DCA42BE2F42D00675576 /* BMIView.swift in Sources */,
				D237DCA12BE2F42D00675576 /* CreateAccountView.swift in Sources */,
				D237DC812BE1F59B00675576 /* ScannerViewControl.swift in Sources */,
				8C21544B2BE1E4E600D55304 /* DatabaseCreation.swift in Sources */,
				D237DC7F2BE1F58500675576 /* FlashlightButton.swift in Sources */,
				D237DC9D2BE2F42D00675576 /* SearchView.swift in Sources */,
				D237DCA22BE2F42D00675576 /* LoginView.swift in Sources */,
				8CE87D282BE33DBF00168A44 /* WebView.swift in Sources */,
				8CE87D262BE3356F00168A44 /* ScanQRBarcode.swift in Sources */,
				D237DC7D2BE1F57700675576 /* BarcodeScanner.swift in Sources */,
				D237DC9E2BE2F42D00675576 /* StarredView.swift in Sources */,
				D237DCA02BE2F42D00675576 /* AuthManager.swift in Sources */,
				8C2154472BE1DC4A00D55304 /* DatabaseClasses.swift in Sources */,
				D237DCB52BE3309200675576 /* VideosItem.swift in Sources */,
				8CE87D182BE321E200168A44 /* SearchResultsList.swift in Sources */,
				D237DC892BE2F40600675576 /* CalorieQuestApp.swift in Sources */,
				8C2154492BE1DF1400D55304 /* FoodDataStructs.swift in Sources */,
				D237DCA52BE2F42D00675576 /* FoodItem.swift in Sources */,
				D237DCA32BE2F42D00675576 /* SignInView.swift in Sources */,
				D237DC792BE1F54C00675576 /* ScanFocusRegion.swift in Sources */,
				8CE87D1D2BE333D400168A44 /* AddManuallyView.swift in Sources */,
				8CE87D212BE334D600168A44 /* ContentView.swift in Sources */,
				8C21544D2BE1EC9C00D55304 /* VideoStruct.swift in Sources */,
				8C2154512BE1F0E000D55304 /* UtilityFunctions.swift in Sources */,
				8CE87D122BE2E70200168A44 /* NutritionixNutrientsData.swift in Sources */,
				8CE87D1B2BE3277000168A44 /* FoodDetails.swift in Sources */,
				D237DC732BE1F27B00675576 /* Globals.swift in Sources */,
				D237DCA92BE2F43800675576 /* RoundedCorners.swift in Sources */,
				D237DC832BE1F9F400675576 /* NutrionixDataFromUPC.swift in Sources */,
				D237DC992BE2F42D00675576 /* DailyGoalView.swift in Sources */,
				D237DC9F2BE2F42D00675576 /* HomeView.swift in Sources */,
			);
			runOnlyForDeploymentPostprocessing = 0;
		};
/* End PBXSourcesBuildPhase section */

/* Begin XCBuildConfiguration section */
		8C5229842BDB260A008FA34F /* Debug */ = {
			isa = XCBuildConfiguration;
			buildSettings = {
				ALWAYS_SEARCH_USER_PATHS = NO;
				ASSETCATALOG_COMPILER_GENERATE_SWIFT_ASSET_SYMBOL_EXTENSIONS = YES;
				CLANG_ANALYZER_NONNULL = YES;
				CLANG_ANALYZER_NUMBER_OBJECT_CONVERSION = YES_AGGRESSIVE;
				CLANG_CXX_LANGUAGE_STANDARD = "gnu++20";
				CLANG_ENABLE_MODULES = YES;
				CLANG_ENABLE_OBJC_ARC = YES;
				CLANG_ENABLE_OBJC_WEAK = YES;
				CLANG_WARN_BLOCK_CAPTURE_AUTORELEASING = YES;
				CLANG_WARN_BOOL_CONVERSION = YES;
				CLANG_WARN_COMMA = YES;
				CLANG_WARN_CONSTANT_CONVERSION = YES;
				CLANG_WARN_DEPRECATED_OBJC_IMPLEMENTATIONS = YES;
				CLANG_WARN_DIRECT_OBJC_ISA_USAGE = YES_ERROR;
				CLANG_WARN_DOCUMENTATION_COMMENTS = YES;
				CLANG_WARN_EMPTY_BODY = YES;
				CLANG_WARN_ENUM_CONVERSION = YES;
				CLANG_WARN_INFINITE_RECURSION = YES;
				CLANG_WARN_INT_CONVERSION = YES;
				CLANG_WARN_NON_LITERAL_NULL_CONVERSION = YES;
				CLANG_WARN_OBJC_IMPLICIT_RETAIN_SELF = YES;
				CLANG_WARN_OBJC_LITERAL_CONVERSION = YES;
				CLANG_WARN_OBJC_ROOT_CLASS = YES_ERROR;
				CLANG_WARN_QUOTED_INCLUDE_IN_FRAMEWORK_HEADER = YES;
				CLANG_WARN_RANGE_LOOP_ANALYSIS = YES;
				CLANG_WARN_STRICT_PROTOTYPES = YES;
				CLANG_WARN_SUSPICIOUS_MOVE = YES;
				CLANG_WARN_UNGUARDED_AVAILABILITY = YES_AGGRESSIVE;
				CLANG_WARN_UNREACHABLE_CODE = YES;
				CLANG_WARN__DUPLICATE_METHOD_MATCH = YES;
				COPY_PHASE_STRIP = NO;
				DEBUG_INFORMATION_FORMAT = dwarf;
				ENABLE_STRICT_OBJC_MSGSEND = YES;
				ENABLE_TESTABILITY = YES;
				ENABLE_USER_SCRIPT_SANDBOXING = YES;
				GCC_C_LANGUAGE_STANDARD = gnu17;
				GCC_DYNAMIC_NO_PIC = NO;
				GCC_NO_COMMON_BLOCKS = YES;
				GCC_OPTIMIZATION_LEVEL = 0;
				GCC_PREPROCESSOR_DEFINITIONS = (
					"DEBUG=1",
					"$(inherited)",
				);
				GCC_WARN_64_TO_32_BIT_CONVERSION = YES;
				GCC_WARN_ABOUT_RETURN_TYPE = YES_ERROR;
				GCC_WARN_UNDECLARED_SELECTOR = YES;
				GCC_WARN_UNINITIALIZED_AUTOS = YES_AGGRESSIVE;
				GCC_WARN_UNUSED_FUNCTION = YES;
				GCC_WARN_UNUSED_VARIABLE = YES;
				IPHONEOS_DEPLOYMENT_TARGET = 17.2;
				LOCALIZATION_PREFERS_STRING_CATALOGS = YES;
				MTL_ENABLE_DEBUG_INFO = INCLUDE_SOURCE;
				MTL_FAST_MATH = YES;
				ONLY_ACTIVE_ARCH = YES;
				SDKROOT = iphoneos;
				SWIFT_ACTIVE_COMPILATION_CONDITIONS = "DEBUG $(inherited)";
				SWIFT_OPTIMIZATION_LEVEL = "-Onone";
			};
			name = Debug;
		};
		8C5229852BDB260A008FA34F /* Release */ = {
			isa = XCBuildConfiguration;
			buildSettings = {
				ALWAYS_SEARCH_USER_PATHS = NO;
				ASSETCATALOG_COMPILER_GENERATE_SWIFT_ASSET_SYMBOL_EXTENSIONS = YES;
				CLANG_ANALYZER_NONNULL = YES;
				CLANG_ANALYZER_NUMBER_OBJECT_CONVERSION = YES_AGGRESSIVE;
				CLANG_CXX_LANGUAGE_STANDARD = "gnu++20";
				CLANG_ENABLE_MODULES = YES;
				CLANG_ENABLE_OBJC_ARC = YES;
				CLANG_ENABLE_OBJC_WEAK = YES;
				CLANG_WARN_BLOCK_CAPTURE_AUTORELEASING = YES;
				CLANG_WARN_BOOL_CONVERSION = YES;
				CLANG_WARN_COMMA = YES;
				CLANG_WARN_CONSTANT_CONVERSION = YES;
				CLANG_WARN_DEPRECATED_OBJC_IMPLEMENTATIONS = YES;
				CLANG_WARN_DIRECT_OBJC_ISA_USAGE = YES_ERROR;
				CLANG_WARN_DOCUMENTATION_COMMENTS = YES;
				CLANG_WARN_EMPTY_BODY = YES;
				CLANG_WARN_ENUM_CONVERSION = YES;
				CLANG_WARN_INFINITE_RECURSION = YES;
				CLANG_WARN_INT_CONVERSION = YES;
				CLANG_WARN_NON_LITERAL_NULL_CONVERSION = YES;
				CLANG_WARN_OBJC_IMPLICIT_RETAIN_SELF = YES;
				CLANG_WARN_OBJC_LITERAL_CONVERSION = YES;
				CLANG_WARN_OBJC_ROOT_CLASS = YES_ERROR;
				CLANG_WARN_QUOTED_INCLUDE_IN_FRAMEWORK_HEADER = YES;
				CLANG_WARN_RANGE_LOOP_ANALYSIS = YES;
				CLANG_WARN_STRICT_PROTOTYPES = YES;
				CLANG_WARN_SUSPICIOUS_MOVE = YES;
				CLANG_WARN_UNGUARDED_AVAILABILITY = YES_AGGRESSIVE;
				CLANG_WARN_UNREACHABLE_CODE = YES;
				CLANG_WARN__DUPLICATE_METHOD_MATCH = YES;
				COPY_PHASE_STRIP = NO;
				DEBUG_INFORMATION_FORMAT = "dwarf-with-dsym";
				ENABLE_NS_ASSERTIONS = NO;
				ENABLE_STRICT_OBJC_MSGSEND = YES;
				ENABLE_USER_SCRIPT_SANDBOXING = YES;
				GCC_C_LANGUAGE_STANDARD = gnu17;
				GCC_NO_COMMON_BLOCKS = YES;
				GCC_WARN_64_TO_32_BIT_CONVERSION = YES;
				GCC_WARN_ABOUT_RETURN_TYPE = YES_ERROR;
				GCC_WARN_UNDECLARED_SELECTOR = YES;
				GCC_WARN_UNINITIALIZED_AUTOS = YES_AGGRESSIVE;
				GCC_WARN_UNUSED_FUNCTION = YES;
				GCC_WARN_UNUSED_VARIABLE = YES;
				IPHONEOS_DEPLOYMENT_TARGET = 17.2;
				LOCALIZATION_PREFERS_STRING_CATALOGS = YES;
				MTL_ENABLE_DEBUG_INFO = NO;
				MTL_FAST_MATH = YES;
				SDKROOT = iphoneos;
				SWIFT_COMPILATION_MODE = wholemodule;
				VALIDATE_PRODUCT = YES;
			};
			name = Release;
		};
		8C5229872BDB260A008FA34F /* Debug */ = {
			isa = XCBuildConfiguration;
			buildSettings = {
				ASSETCATALOG_COMPILER_APPICON_NAME = AppIcon;
				ASSETCATALOG_COMPILER_GLOBAL_ACCENT_COLOR_NAME = AccentColor;
				CODE_SIGN_STYLE = Automatic;
				CURRENT_PROJECT_VERSION = 1;
				DEVELOPMENT_ASSET_PATHS = "\"CalorieQuest/Preview Content\"";
				DEVELOPMENT_TEAM = 56Z33J7XB8;
				ENABLE_PREVIEWS = YES;
				GENERATE_INFOPLIST_FILE = YES;
				INFOPLIST_FILE = CalorieQuest/Info.plist;
				INFOPLIST_KEY_NSCameraUsageDescription = "CalorieQuest needs to use your camera to scan barcodes.";
				INFOPLIST_KEY_UIApplicationSceneManifest_Generation = YES;
				INFOPLIST_KEY_UIApplicationSupportsIndirectInputEvents = YES;
				INFOPLIST_KEY_UISupportedInterfaceOrientations_iPad = "UIInterfaceOrientationPortrait UIInterfaceOrientationPortraitUpsideDown UIInterfaceOrientationLandscapeLeft UIInterfaceOrientationLandscapeRight";
				INFOPLIST_KEY_UISupportedInterfaceOrientations_iPhone = "UIInterfaceOrientationPortrait UIInterfaceOrientationLandscapeLeft UIInterfaceOrientationLandscapeRight";
				LD_RUNPATH_SEARCH_PATHS = (
					"$(inherited)",
					"@executable_path/Frameworks",
				);
				MARKETING_VERSION = 1.0;
				PRODUCT_BUNDLE_IDENTIFIER = com.brightonyoung.CalorieQuest;
				PRODUCT_NAME = "$(TARGET_NAME)";
				SWIFT_EMIT_LOC_STRINGS = YES;
				SWIFT_VERSION = 5.0;
				TARGETED_DEVICE_FAMILY = "1,2";
			};
			name = Debug;
		};
		8C5229882BDB260A008FA34F /* Release */ = {
			isa = XCBuildConfiguration;
			buildSettings = {
				ASSETCATALOG_COMPILER_APPICON_NAME = AppIcon;
				ASSETCATALOG_COMPILER_GLOBAL_ACCENT_COLOR_NAME = AccentColor;
				CODE_SIGN_STYLE = Automatic;
				CURRENT_PROJECT_VERSION = 1;
				DEVELOPMENT_ASSET_PATHS = "\"CalorieQuest/Preview Content\"";
				DEVELOPMENT_TEAM = 56Z33J7XB8;
				ENABLE_PREVIEWS = YES;
				GENERATE_INFOPLIST_FILE = YES;
				INFOPLIST_FILE = CalorieQuest/Info.plist;
				INFOPLIST_KEY_NSCameraUsageDescription = "CalorieQuest needs to use your camera to scan barcodes.";
				INFOPLIST_KEY_UIApplicationSceneManifest_Generation = YES;
				INFOPLIST_KEY_UIApplicationSupportsIndirectInputEvents = YES;
				INFOPLIST_KEY_UISupportedInterfaceOrientations_iPad = "UIInterfaceOrientationPortrait UIInterfaceOrientationPortraitUpsideDown UIInterfaceOrientationLandscapeLeft UIInterfaceOrientationLandscapeRight";
				INFOPLIST_KEY_UISupportedInterfaceOrientations_iPhone = "UIInterfaceOrientationPortrait UIInterfaceOrientationLandscapeLeft UIInterfaceOrientationLandscapeRight";
				LD_RUNPATH_SEARCH_PATHS = (
					"$(inherited)",
					"@executable_path/Frameworks",
				);
				MARKETING_VERSION = 1.0;
				PRODUCT_BUNDLE_IDENTIFIER = com.brightonyoung.CalorieQuest;
				PRODUCT_NAME = "$(TARGET_NAME)";
				SWIFT_EMIT_LOC_STRINGS = YES;
				SWIFT_VERSION = 5.0;
				TARGETED_DEVICE_FAMILY = "1,2";
			};
			name = Release;
		};
/* End XCBuildConfiguration section */

/* Begin XCConfigurationList section */
		8C5229712BDB2608008FA34F /* Build configuration list for PBXProject "CalorieQuest" */ = {
			isa = XCConfigurationList;
			buildConfigurations = (
				8C5229842BDB260A008FA34F /* Debug */,
				8C5229852BDB260A008FA34F /* Release */,
			);
			defaultConfigurationIsVisible = 0;
			defaultConfigurationName = Release;
		};
		8C5229862BDB260A008FA34F /* Build configuration list for PBXNativeTarget "CalorieQuest" */ = {
			isa = XCConfigurationList;
			buildConfigurations = (
				8C5229872BDB260A008FA34F /* Debug */,
				8C5229882BDB260A008FA34F /* Release */,
			);
			defaultConfigurationIsVisible = 0;
			defaultConfigurationName = Release;
		};
/* End XCConfigurationList section */
	};
	rootObject = 8C52296E2BDB2608008FA34F /* Project object */;
}
